{"is_source_file": false, "format": "", "description": "", "external_files": [], "external_methods": [], "published": [], "classes": [], "methods": [], "calls": [], "search-terms": [], "state": 2, "file_id": 4, "knowledge_revision": 22, "git_revision": "ddde20e5bc551793ec4df16fe5c174d509b5e5ff", "filename": "/home/kavia/workspace/code-generation/codequest-rewards-5634-5639/main_container_for_codequest_rewards/post_process_status.lock", "hash": "9c4ed7ef73e22b872b8055bec08b8979", "format-version": 4, "code-base-name": "default", "revision_history": [{"22": "ddde20e5bc551793ec4df16fe5c174d509b5e5ff"}]}